// !$*UTF8*$!
{
	archiveVersion = 1;
	classes = {
	};
	objectVersion = 50;
	objects = {

/* Begin PBXBuildFile section */
		3FED1DB0247FE34100E33B20 /* PhotoRandCore.framework in Frameworks */ = {isa = PBXBuildFile; fileRef = 3FED1DA6247FE34100E33B20 /* PhotoRandCore.framework */; };
		3FED1DB7247FE34100E33B20 /* PhotoRandCore.h in Headers */ = {isa = PBXBuildFile; fileRef = 3FED1DA9247FE34100E33B20 /* PhotoRandCore.h */; settings = {ATTRIBUTES = (Public, ); }; };
		3FED1DE7247FE8A100E33B20 /* Image.swift in Sources */ = {isa = PBXBuildFile; fileRef = 3FED1DE6247FE8A100E33B20 /* Image.swift */; };
		3FED1DED247FECF800E33B20 /* ImageTests.swift in Sources */ = {isa = PBXBuildFile; fileRef = 3FED1DEC247FECF800E33B20 /* ImageTests.swift */; };
		3FED1DF5247FF5AB00E33B20 /* PicsumImageService.swift in Sources */ = {isa = PBXBuildFile; fileRef = 3FED1DF1247FF5AA00E33B20 /* PicsumImageService.swift */; };
		3FED1DF6247FF5AB00E33B20 /* ImageListProvider.swift in Sources */ = {isa = PBXBuildFile; fileRef = 3FED1DF2247FF5AB00E33B20 /* ImageListProvider.swift */; };
		3FED1DF9247FFEC800E33B20 /* APIProvider.swift in Sources */ = {isa = PBXBuildFile; fileRef = 3FED1DF8247FFEC800E33B20 /* APIProvider.swift */; };
		3FED1DFB248000B500E33B20 /* APIService.swift in Sources */ = {isa = PBXBuildFile; fileRef = 3FED1DFA248000B500E33B20 /* APIService.swift */; };
		3FED1DFF248003DE00E33B20 /* PicsumImageServiceTests.swift in Sources */ = {isa = PBXBuildFile; fileRef = 3FED1DFE248003DE00E33B20 /* PicsumImageServiceTests.swift */; };
/* End PBXBuildFile section */

/* Begin PBXContainerItemProxy section */
		3FED1DB1247FE34100E33B20 /* PBXContainerItemProxy */ = {
			isa = PBXContainerItemProxy;
			containerPortal = 3FED1D9D247FE34100E33B20 /* Project object */;
			proxyType = 1;
			remoteGlobalIDString = 3FED1DA5247FE34100E33B20;
			remoteInfo = PhotoRandCore;
		};
/* End PBXContainerItemProxy section */

/* Begin PBXFileReference section */
		3FED1DA6247FE34100E33B20 /* PhotoRandCore.framework */ = {isa = PBXFileReference; explicitFileType = wrapper.framework; includeInIndex = 0; path = PhotoRandCore.framework; sourceTree = BUILT_PRODUCTS_DIR; };
		3FED1DA9247FE34100E33B20 /* PhotoRandCore.h */ = {isa = PBXFileReference; lastKnownFileType = sourcecode.c.h; path = PhotoRandCore.h; sourceTree = "<group>"; };
		3FED1DAA247FE34100E33B20 /* Info.plist */ = {isa = PBXFileReference; lastKnownFileType = text.plist.xml; path = Info.plist; sourceTree = "<group>"; };
		3FED1DAF247FE34100E33B20 /* PhotoRandCoreTests.xctest */ = {isa = PBXFileReference; explicitFileType = wrapper.cfbundle; includeInIndex = 0; path = PhotoRandCoreTests.xctest; sourceTree = BUILT_PRODUCTS_DIR; };
		3FED1DB6247FE34100E33B20 /* Info.plist */ = {isa = PBXFileReference; lastKnownFileType = text.plist.xml; path = Info.plist; sourceTree = "<group>"; };
		3FED1DE6247FE8A100E33B20 /* Image.swift */ = {isa = PBXFileReference; fileEncoding = 4; lastKnownFileType = sourcecode.swift; path = Image.swift; sourceTree = "<group>"; };
		3FED1DEC247FECF800E33B20 /* ImageTests.swift */ = {isa = PBXFileReference; lastKnownFileType = sourcecode.swift; path = ImageTests.swift; sourceTree = "<group>"; };
		3FED1DF1247FF5AA00E33B20 /* PicsumImageService.swift */ = {isa = PBXFileReference; fileEncoding = 4; lastKnownFileType = sourcecode.swift; path = PicsumImageService.swift; sourceTree = "<group>"; };
		3FED1DF2247FF5AB00E33B20 /* ImageListProvider.swift */ = {isa = PBXFileReference; fileEncoding = 4; lastKnownFileType = sourcecode.swift; path = ImageListProvider.swift; sourceTree = "<group>"; };
		3FED1DF8247FFEC800E33B20 /* APIProvider.swift */ = {isa = PBXFileReference; lastKnownFileType = sourcecode.swift; path = APIProvider.swift; sourceTree = "<group>"; };
		3FED1DFA248000B500E33B20 /* APIService.swift */ = {isa = PBXFileReference; lastKnownFileType = sourcecode.swift; path = APIService.swift; sourceTree = "<group>"; };
		3FED1DFE248003DE00E33B20 /* PicsumImageServiceTests.swift */ = {isa = PBXFileReference; lastKnownFileType = sourcecode.swift; path = PicsumImageServiceTests.swift; sourceTree = "<group>"; };
/* End PBXFileReference section */

/* Begin PBXFrameworksBuildPhase section */
		3FED1DA3247FE34100E33B20 /* Frameworks */ = {
			isa = PBXFrameworksBuildPhase;
			buildActionMask = 2147483647;
			files = (
			);
			runOnlyForDeploymentPostprocessing = 0;
		};
		3FED1DAC247FE34100E33B20 /* Frameworks */ = {
			isa = PBXFrameworksBuildPhase;
			buildActionMask = 2147483647;
			files = (
				3FED1DB0247FE34100E33B20 /* PhotoRandCore.framework in Frameworks */,
			);
			runOnlyForDeploymentPostprocessing = 0;
		};
/* End PBXFrameworksBuildPhase section */

/* Begin PBXGroup section */
		3FED1D9C247FE34100E33B20 = {
			isa = PBXGroup;
			children = (
				3FED1DA8247FE34100E33B20 /* PhotoRandCore */,
				3FED1DB3247FE34100E33B20 /* PhotoRandCoreTests */,
				3FED1DA7247FE34100E33B20 /* Products */,
			);
			sourceTree = "<group>";
		};
		3FED1DA7247FE34100E33B20 /* Products */ = {
			isa = PBXGroup;
			children = (
				3FED1DA6247FE34100E33B20 /* PhotoRandCore.framework */,
				3FED1DAF247FE34100E33B20 /* PhotoRandCoreTests.xctest */,
			);
			name = Products;
			sourceTree = "<group>";
		};
		3FED1DA8247FE34100E33B20 /* PhotoRandCore */ = {
			isa = PBXGroup;
			children = (
				3FED1DE5247FE89600E33B20 /* Models */,
				3FED1DEE247FF57300E33B20 /* ImageListProvider */,
				3FED1DF7247FFEB400E33B20 /* API */,
				3FED1DA9247FE34100E33B20 /* PhotoRandCore.h */,
				3FED1DAA247FE34100E33B20 /* Info.plist */,
			);
			path = PhotoRandCore;
			sourceTree = "<group>";
		};
		3FED1DB3247FE34100E33B20 /* PhotoRandCoreTests */ = {
			isa = PBXGroup;
			children = (
				3FED1DB6247FE34100E33B20 /* Info.plist */,
				3FED1DEC247FECF800E33B20 /* ImageTests.swift */,
				3FED1DFE248003DE00E33B20 /* PicsumImageServiceTests.swift */,
			);
			path = PhotoRandCoreTests;
			sourceTree = "<group>";
		};
		3FED1DE5247FE89600E33B20 /* Models */ = {
			isa = PBXGroup;
			children = (
				3FED1DE6247FE8A100E33B20 /* Image.swift */,
			);
			path = Models;
			sourceTree = "<group>";
		};
		3FED1DEE247FF57300E33B20 /* ImageListProvider */ = {
			isa = PBXGroup;
			children = (
				3FED1DF2247FF5AB00E33B20 /* ImageListProvider.swift */,
				3FED1DF1247FF5AA00E33B20 /* PicsumImageService.swift */,
			);
			path = ImageListProvider;
			sourceTree = "<group>";
		};
		3FED1DF7247FFEB400E33B20 /* API */ = {
			isa = PBXGroup;
			children = (
				3FED1DF8247FFEC800E33B20 /* APIProvider.swift */,
				3FED1DFA248000B500E33B20 /* APIService.swift */,
			);
			path = API;
			sourceTree = "<group>";
		};
/* End PBXGroup section */

/* Begin PBXHeadersBuildPhase section */
		3FED1DA1247FE34100E33B20 /* Headers */ = {
			isa = PBXHeadersBuildPhase;
			buildActionMask = 2147483647;
			files = (
				3FED1DB7247FE34100E33B20 /* PhotoRandCore.h in Headers */,
			);
			runOnlyForDeploymentPostprocessing = 0;
		};
/* End PBXHeadersBuildPhase section */

/* Begin PBXNativeTarget section */
		3FED1DA5247FE34100E33B20 /* PhotoRandCore */ = {
			isa = PBXNativeTarget;
			buildConfigurationList = 3FED1DBA247FE34100E33B20 /* Build configuration list for PBXNativeTarget "PhotoRandCore" */;
			buildPhases = (
				3FED1DA1247FE34100E33B20 /* Headers */,
				3FED1DA2247FE34100E33B20 /* Sources */,
				3FED1DA3247FE34100E33B20 /* Frameworks */,
				3FED1DA4247FE34100E33B20 /* Resources */,
			);
			buildRules = (
			);
			dependencies = (
			);
			name = PhotoRandCore;
			productName = PhotoRandCore;
			productReference = 3FED1DA6247FE34100E33B20 /* PhotoRandCore.framework */;
			productType = "com.apple.product-type.framework";
		};
		3FED1DAE247FE34100E33B20 /* PhotoRandCoreTests */ = {
			isa = PBXNativeTarget;
			buildConfigurationList = 3FED1DBD247FE34100E33B20 /* Build configuration list for PBXNativeTarget "PhotoRandCoreTests" */;
			buildPhases = (
				3FED1DAB247FE34100E33B20 /* Sources */,
				3FED1DAC247FE34100E33B20 /* Frameworks */,
				3FED1DAD247FE34100E33B20 /* Resources */,
			);
			buildRules = (
			);
			dependencies = (
				3FED1DB2247FE34100E33B20 /* PBXTargetDependency */,
			);
			name = PhotoRandCoreTests;
			productName = PhotoRandCoreTests;
			productReference = 3FED1DAF247FE34100E33B20 /* PhotoRandCoreTests.xctest */;
			productType = "com.apple.product-type.bundle.unit-test";
		};
/* End PBXNativeTarget section */

/* Begin PBXProject section */
		3FED1D9D247FE34100E33B20 /* Project object */ = {
			isa = PBXProject;
			attributes = {
				LastSwiftUpdateCheck = 1150;
				LastUpgradeCheck = 1150;
				ORGANIZATIONNAME = "Jing Yu";
				TargetAttributes = {
					3FED1DA5247FE34100E33B20 = {
						CreatedOnToolsVersion = 11.5;
						LastSwiftMigration = 1150;
					};
					3FED1DAE247FE34100E33B20 = {
						CreatedOnToolsVersion = 11.5;
					};
				};
			};
			buildConfigurationList = 3FED1DA0247FE34100E33B20 /* Build configuration list for PBXProject "PhotoRandCore" */;
			compatibilityVersion = "Xcode 9.3";
			developmentRegion = en;
			hasScannedForEncodings = 0;
			knownRegions = (
				en,
				Base,
			);
			mainGroup = 3FED1D9C247FE34100E33B20;
			productRefGroup = 3FED1DA7247FE34100E33B20 /* Products */;
			projectDirPath = "";
			projectRoot = "";
			targets = (
				3FED1DA5247FE34100E33B20 /* PhotoRandCore */,
				3FED1DAE247FE34100E33B20 /* PhotoRandCoreTests */,
			);
		};
/* End PBXProject section */

/* Begin PBXResourcesBuildPhase section */
		3FED1DA4247FE34100E33B20 /* Resources */ = {
			isa = PBXResourcesBuildPhase;
			buildActionMask = 2147483647;
			files = (
			);
			runOnlyForDeploymentPostprocessing = 0;
		};
		3FED1DAD247FE34100E33B20 /* Resources */ = {
			isa = PBXResourcesBuildPhase;
			buildActionMask = 2147483647;
			files = (
			);
			runOnlyForDeploymentPostprocessing = 0;
		};
/* End PBXResourcesBuildPhase section */

/* Begin PBXSourcesBuildPhase section */
		3FED1DA2247FE34100E33B20 /* Sources */ = {
			isa = PBXSourcesBuildPhase;
			buildActionMask = 2147483647;
			files = (
				3FED1DFB248000B500E33B20 /* APIService.swift in Sources */,
				3FED1DF6247FF5AB00E33B20 /* ImageListProvider.swift in Sources */,
				3FED1DE7247FE8A100E33B20 /* Image.swift in Sources */,
				3FED1DF5247FF5AB00E33B20 /* PicsumImageService.swift in Sources */,
				3FED1DF9247FFEC800E33B20 /* APIProvider.swift in Sources */,
			);
			runOnlyForDeploymentPostprocessing = 0;
		};
		3FED1DAB247FE34100E33B20 /* Sources */ = {
			isa = PBXSourcesBuildPhase;
			buildActionMask = 2147483647;
			files = (
				3FED1DFF248003DE00E33B20 /* PicsumImageServiceTests.swift in Sources */,
				3FED1DED247FECF800E33B20 /* ImageTests.swift in Sources */,
			);
			runOnlyForDeploymentPostprocessing = 0;
		};
/* End PBXSourcesBuildPhase section */

/* Begin PBXTargetDependency section */
		3FED1DB2247FE34100E33B20 /* PBXTargetDependency */ = {
			isa = PBXTargetDependency;
			target = 3FED1DA5247FE34100E33B20 /* PhotoRandCore */;
			targetProxy = 3FED1DB1247FE34100E33B20 /* PBXContainerItemProxy */;
		};
/* End PBXTargetDependency section */

/* Begin XCBuildConfiguration section */
		3FED1DB8247FE34100E33B20 /* Debug */ = {
			isa = XCBuildConfiguration;
			buildSettings = {
				ALWAYS_SEARCH_USER_PATHS = NO;
				CLANG_ANALYZER_NONNULL = YES;
				CLANG_ANALYZER_NUMBER_OBJECT_CONVERSION = YES_AGGRESSIVE;
				CLANG_CXX_LANGUAGE_STANDARD = "gnu++14";
				CLANG_CXX_LIBRARY = "libc++";
				CLANG_ENABLE_MODULES = YES;
				CLANG_ENABLE_OBJC_ARC = YES;
				CLANG_ENABLE_OBJC_WEAK = YES;
				CLANG_WARN_BLOCK_CAPTURE_AUTORELEASING = YES;
				CLANG_WARN_BOOL_CONVERSION = YES;
				CLANG_WARN_COMMA = YES;
				CLANG_WARN_CONSTANT_CONVERSION = YES;
				CLANG_WARN_DEPRECATED_OBJC_IMPLEMENTATIONS = YES;
				CLANG_WARN_DIRECT_OBJC_ISA_USAGE = YES_ERROR;
				CLANG_WARN_DOCUMENTATION_COMMENTS = YES;
				CLANG_WARN_EMPTY_BODY = YES;
				CLANG_WARN_ENUM_CONVERSION = YES;
				CLANG_WARN_INFINITE_RECURSION = YES;
				CLANG_WARN_INT_CONVERSION = YES;
				CLANG_WARN_NON_LITERAL_NULL_CONVERSION = YES;
				CLANG_WARN_OBJC_IMPLICIT_RETAIN_SELF = YES;
				CLANG_WARN_OBJC_LITERAL_CONVERSION = YES;
				CLANG_WARN_OBJC_ROOT_CLASS = YES_ERROR;
				CLANG_WARN_RANGE_LOOP_ANALYSIS = YES;
				CLANG_WARN_STRICT_PROTOTYPES = YES;
				CLANG_WARN_SUSPICIOUS_MOVE = YES;
				CLANG_WARN_UNGUARDED_AVAILABILITY = YES_AGGRESSIVE;
				CLANG_WARN_UNREACHABLE_CODE = YES;
				CLANG_WARN__DUPLICATE_METHOD_MATCH = YES;
				COPY_PHASE_STRIP = NO;
				CURRENT_PROJECT_VERSION = 1;
				DEBUG_INFORMATION_FORMAT = dwarf;
				ENABLE_STRICT_OBJC_MSGSEND = YES;
				ENABLE_TESTABILITY = YES;
				GCC_C_LANGUAGE_STANDARD = gnu11;
				GCC_DYNAMIC_NO_PIC = NO;
				GCC_NO_COMMON_BLOCKS = YES;
				GCC_OPTIMIZATION_LEVEL = 0;
				GCC_PREPROCESSOR_DEFINITIONS = (
					"DEBUG=1",
					"$(inherited)",
				);
				GCC_WARN_64_TO_32_BIT_CONVERSION = YES;
				GCC_WARN_ABOUT_RETURN_TYPE = YES_ERROR;
				GCC_WARN_UNDECLARED_SELECTOR = YES;
				GCC_WARN_UNINITIALIZED_AUTOS = YES_AGGRESSIVE;
				GCC_WARN_UNUSED_FUNCTION = YES;
				GCC_WARN_UNUSED_VARIABLE = YES;
				IPHONEOS_DEPLOYMENT_TARGET = 13.5;
				MTL_ENABLE_DEBUG_INFO = INCLUDE_SOURCE;
				MTL_FAST_MATH = YES;
				ONLY_ACTIVE_ARCH = YES;
				SDKROOT = iphoneos;
				SWIFT_ACTIVE_COMPILATION_CONDITIONS = DEBUG;
				SWIFT_OPTIMIZATION_LEVEL = "-Onone";
				VERSIONING_SYSTEM = "apple-generic";
				VERSION_INFO_PREFIX = "";
			};
			name = Debug;
		};
		3FED1DB9247FE34100E33B20 /* Release */ = {
			isa = XCBuildConfiguration;
			buildSettings = {
				ALWAYS_SEARCH_USER_PATHS = NO;
				CLANG_ANALYZER_NONNULL = YES;
				CLANG_ANALYZER_NUMBER_OBJECT_CONVERSION = YES_AGGRESSIVE;
				CLANG_CXX_LANGUAGE_STANDARD = "gnu++14";
				CLANG_CXX_LIBRARY = "libc++";
				CLANG_ENABLE_MODULES = YES;
				CLANG_ENABLE_OBJC_ARC = YES;
				CLANG_ENABLE_OBJC_WEAK = YES;
				CLANG_WARN_BLOCK_CAPTURE_AUTORELEASING = YES;
				CLANG_WARN_BOOL_CONVERSION = YES;
				CLANG_WARN_COMMA = YES;
				CLANG_WARN_CONSTANT_CONVERSION = YES;
				CLANG_WARN_DEPRECATED_OBJC_IMPLEMENTATIONS = YES;
				CLANG_WARN_DIRECT_OBJC_ISA_USAGE = YES_ERROR;
				CLANG_WARN_DOCUMENTATION_COMMENTS = YES;
				CLANG_WARN_EMPTY_BODY = YES;
				CLANG_WARN_ENUM_CONVERSION = YES;
				CLANG_WARN_INFINITE_RECURSION = YES;
				CLANG_WARN_INT_CONVERSION = YES;
				CLANG_WARN_NON_LITERAL_NULL_CONVERSION = YES;
				CLANG_WARN_OBJC_IMPLICIT_RETAIN_SELF = YES;
				CLANG_WARN_OBJC_LITERAL_CONVERSION = YES;
				CLANG_WARN_OBJC_ROOT_CLASS = YES_ERROR;
				CLANG_WARN_RANGE_LOOP_ANALYSIS = YES;
				CLANG_WARN_STRICT_PROTOTYPES = YES;
				CLANG_WARN_SUSPICIOUS_MOVE = YES;
				CLANG_WARN_UNGUARDED_AVAILABILITY = YES_AGGRESSIVE;
				CLANG_WARN_UNREACHABLE_CODE = YES;
				CLANG_WARN__DUPLICATE_METHOD_MATCH = YES;
				COPY_PHASE_STRIP = NO;
				CURRENT_PROJECT_VERSION = 1;
				DEBUG_INFORMATION_FORMAT = "dwarf-with-dsym";
				ENABLE_NS_ASSERTIONS = NO;
				ENABLE_STRICT_OBJC_MSGSEND = YES;
				GCC_C_LANGUAGE_STANDARD = gnu11;
				GCC_NO_COMMON_BLOCKS = YES;
				GCC_WARN_64_TO_32_BIT_CONVERSION = YES;
				GCC_WARN_ABOUT_RETURN_TYPE = YES_ERROR;
				GCC_WARN_UNDECLARED_SELECTOR = YES;
				GCC_WARN_UNINITIALIZED_AUTOS = YES_AGGRESSIVE;
				GCC_WARN_UNUSED_FUNCTION = YES;
				GCC_WARN_UNUSED_VARIABLE = YES;
				IPHONEOS_DEPLOYMENT_TARGET = 13.5;
				MTL_ENABLE_DEBUG_INFO = NO;
				MTL_FAST_MATH = YES;
				SDKROOT = iphoneos;
				SWIFT_COMPILATION_MODE = wholemodule;
				SWIFT_OPTIMIZATION_LEVEL = "-O";
				VALIDATE_PRODUCT = YES;
				VERSIONING_SYSTEM = "apple-generic";
				VERSION_INFO_PREFIX = "";
			};
			name = Release;
		};
		3FED1DBB247FE34100E33B20 /* Debug */ = {
			isa = XCBuildConfiguration;
			buildSettings = {
				CLANG_ENABLE_MODULES = YES;
				CODE_SIGN_STYLE = Automatic;
				DEFINES_MODULE = YES;
				DEVELOPMENT_TEAM = P4B2H8345Y;
				DYLIB_COMPATIBILITY_VERSION = 1;
				DYLIB_CURRENT_VERSION = 1;
				DYLIB_INSTALL_NAME_BASE = "@rpath";
				INFOPLIST_FILE = PhotoRandCore/Info.plist;
				INSTALL_PATH = "$(LOCAL_LIBRARY_DIR)/Frameworks";
				LD_RUNPATH_SEARCH_PATHS = (
					"$(inherited)",
					"@executable_path/Frameworks",
					"@loader_path/Frameworks",
				);
				PRODUCT_BUNDLE_IDENTIFIER = com.jingyu.PhotoRandCore;
				PRODUCT_NAME = "$(TARGET_NAME:c99extidentifier)";
				SKIP_INSTALL = YES;
				SWIFT_OPTIMIZATION_LEVEL = "-Onone";
				SWIFT_VERSION = 5.0;
				TARGETED_DEVICE_FAMILY = "1,2";
			};
			name = Debug;
		};
		3FED1DBC247FE34100E33B20 /* Release */ = {
			isa = XCBuildConfiguration;
			buildSettings = {
				CLANG_ENABLE_MODULES = YES;
				CODE_SIGN_STYLE = Automatic;
				DEFINES_MODULE = YES;
				DEVELOPMENT_TEAM = P4B2H8345Y;
				DYLIB_COMPATIBILITY_VERSION = 1;
				DYLIB_CURRENT_VERSION = 1;
				DYLIB_INSTALL_NAME_BASE = "@rpath";
				INFOPLIST_FILE = PhotoRandCore/Info.plist;
				INSTALL_PATH = "$(LOCAL_LIBRARY_DIR)/Frameworks";
				LD_RUNPATH_SEARCH_PATHS = (
					"$(inherited)",
					"@executable_path/Frameworks",
					"@loader_path/Frameworks",
				);
				PRODUCT_BUNDLE_IDENTIFIER = com.jingyu.PhotoRandCore;
				PRODUCT_NAME = "$(TARGET_NAME:c99extidentifier)";
				SKIP_INSTALL = YES;
				SWIFT_VERSION = 5.0;
				TARGETED_DEVICE_FAMILY = "1,2";
			};
			name = Release;
		};
		3FED1DBE247FE34100E33B20 /* Debug */ = {
			isa = XCBuildConfiguration;
			buildSettings = {
				ALWAYS_EMBED_SWIFT_STANDARD_LIBRARIES = YES;
				CODE_SIGN_STYLE = Automatic;
				DEVELOPMENT_TEAM = P4B2H8345Y;
				INFOPLIST_FILE = PhotoRandCoreTests/Info.plist;
				LD_RUNPATH_SEARCH_PATHS = (
					"$(inherited)",
					"@executable_path/Frameworks",
					"@loader_path/Frameworks",
				);
				PRODUCT_BUNDLE_IDENTIFIER = com.jingyu.PhotoRandCoreTests;
				PRODUCT_NAME = "$(TARGET_NAME)";
				SWIFT_VERSION = 5.0;
				TARGETED_DEVICE_FAMILY = "1,2";
			};
			name = Debug;
		};
		3FED1DBF247FE34100E33B20 /* Release */ = {
			isa = XCBuildConfiguration;
			buildSettings = {
				ALWAYS_EMBED_SWIFT_STANDARD_LIBRARIES = YES;
				CODE_SIGN_STYLE = Automatic;
				DEVELOPMENT_TEAM = P4B2H8345Y;
				INFOPLIST_FILE = PhotoRandCoreTests/Info.plist;
				LD_RUNPATH_SEARCH_PATHS = (
					"$(inherited)",
					"@executable_path/Frameworks",
					"@loader_path/Frameworks",
				);
				PRODUCT_BUNDLE_IDENTIFIER = com.jingyu.PhotoRandCoreTests;
				PRODUCT_NAME = "$(TARGET_NAME)";
				SWIFT_VERSION = 5.0;
				TARGETED_DEVICE_FAMILY = "1,2";
			};
			name = Release;
		};
/* End XCBuildConfiguration section */

/* Begin XCConfigurationList section */
		3FED1DA0247FE34100E33B20 /* Build configuration list for PBXProject "PhotoRandCore" */ = {
			isa = XCConfigurationList;
			buildConfigurations = (
				3FED1DB8247FE34100E33B20 /* Debug */,
				3FED1DB9247FE34100E33B20 /* Release */,
			);
			defaultConfigurationIsVisible = 0;
			defaultConfigurationName = Release;
		};
		3FED1DBA247FE34100E33B20 /* Build configuration list for PBXNativeTarget "PhotoRandCore" */ = {
			isa = XCConfigurationList;
			buildConfigurations = (
				3FED1DBB247FE34100E33B20 /* Debug */,
				3FED1DBC247FE34100E33B20 /* Release */,
			);
			defaultConfigurationIsVisible = 0;
			defaultConfigurationName = Release;
		};
		3FED1DBD247FE34100E33B20 /* Build configuration list for PBXNativeTarget "PhotoRandCoreTests" */ = {
			isa = XCConfigurationList;
			buildConfigurations = (
				3FED1DBE247FE34100E33B20 /* Debug */,
				3FED1DBF247FE34100E33B20 /* Release */,
			);
			defaultConfigurationIsVisible = 0;
			defaultConfigurationName = Release;
		};
/* End XCConfigurationList section */
	};
	rootObject = 3FED1D9D247FE34100E33B20 /* Project object */;
}
